
Microsoft Visual Studio Solution File, Format Version 12.00
# Visual Studio Version 16
VisualStudioVersion = 16.0.29609.76
MinimumVisualStudioVersion = 10.0.40219.1
Project("{9A19103F-16F7-4668-BE54-9A1E7A4F7556}") = "more-effective-csharp-2nd-edition", "more-effective-csharp-2nd-edition\more-effective-csharp-2nd-edition.csproj", "{4C5DA4A7-01BA-46C8-B3F7-42ADFD4C9262}"
EndProject
Project("{9A19103F-16F7-4668-BE54-9A1E7A4F7556}") = "item01", "item01\item01.csproj", "{B73C969C-EF1C-461E-AF61-EBA5C4F010A0}"
EndProject
Project("{9A19103F-16F7-4668-BE54-9A1E7A4F7556}") = "item02", "item02\item02.csproj", "{88835A00-1EAC-4D46-95E6-1CF5A0CF5C60}"
EndProject
Project("{9A19103F-16F7-4668-BE54-9A1E7A4F7556}") = "item04", "item04\item04.csproj", "{AC9EF5C2-FF85-440F-9390-054A424657E8}"
EndProject
Project("{9A19103F-16F7-4668-BE54-9A1E7A4F7556}") = "item05", "item05\item05.csproj", "{8A9D37B9-B5E6-4DC0-8913-75F0B22877EB}"
EndProject
Project("{9A19103F-16F7-4668-BE54-9A1E7A4F7556}") = "item06", "item06\item06.csproj", "{D9505806-6D6C-49C4-8C2C-E62A012C58AC}"
EndProject
Project("{9A19103F-16F7-4668-BE54-9A1E7A4F7556}") = "item07", "item07\item07.csproj", "{C8812A7E-2C3B-430D-AD59-9C69BCE762F9}"
EndProject
Project("{9A19103F-16F7-4668-BE54-9A1E7A4F7556}") = "item08", "item08\item08.csproj", "{825903E2-FE08-40B0-AD39-94AF4FEF3D6A}"
EndProject
Project("{9A19103F-16F7-4668-BE54-9A1E7A4F7556}") = "item09", "item09\item09.csproj", "{970D5F9E-69EF-4553-9810-132A471E457E}"
EndProject
Project("{9A19103F-16F7-4668-BE54-9A1E7A4F7556}") = "item10", "item10\item10.csproj", "{CCF8889C-C7FA-48C1-8F75-FC9E64B3E4D7}"
EndProject
Project("{9A19103F-16F7-4668-BE54-9A1E7A4F7556}") = "item03", "item03\item03.csproj", "{1BABE0DE-55DB-47BC-A8D9-D120B2B8E4D7}"
EndProject
Project("{9A19103F-16F7-4668-BE54-9A1E7A4F7556}") = "item11", "item11\item11.csproj", "{A6798BB0-2927-4A61-B7DA-EDB2F9DF1FC2}"
EndProject
Project("{FAE04EC0-301F-11D3-BF4B-00C04F79EFBC}") = "item12", "item12\item12.csproj", "{424779CE-EF26-4417-B759-2F5758F35A20}"
EndProject
Global
	GlobalSection(SolutionConfigurationPlatforms) = preSolution
		Debug|Any CPU = Debug|Any CPU
		Debug|x64 = Debug|x64
		Debug|x86 = Debug|x86
		Release|Any CPU = Release|Any CPU
		Release|x64 = Release|x64
		Release|x86 = Release|x86
	EndGlobalSection
	GlobalSection(ProjectConfigurationPlatforms) = postSolution
		{4C5DA4A7-01BA-46C8-B3F7-42ADFD4C9262}.Debug|Any CPU.ActiveCfg = Debug|Any CPU
		{4C5DA4A7-01BA-46C8-B3F7-42ADFD4C9262}.Debug|Any CPU.Build.0 = Debug|Any CPU
		{4C5DA4A7-01BA-46C8-B3F7-42ADFD4C9262}.Debug|x64.ActiveCfg = Debug|Any CPU
		{4C5DA4A7-01BA-46C8-B3F7-42ADFD4C9262}.Debug|x64.Build.0 = Debug|Any CPU
		{4C5DA4A7-01BA-46C8-B3F7-42ADFD4C9262}.Debug|x86.ActiveCfg = Debug|Any CPU
		{4C5DA4A7-01BA-46C8-B3F7-42ADFD4C9262}.Debug|x86.Build.0 = Debug|Any CPU
		{4C5DA4A7-01BA-46C8-B3F7-42ADFD4C9262}.Release|Any CPU.ActiveCfg = Release|Any CPU
		{4C5DA4A7-01BA-46C8-B3F7-42ADFD4C9262}.Release|Any CPU.Build.0 = Release|Any CPU
		{4C5DA4A7-01BA-46C8-B3F7-42ADFD4C9262}.Release|x64.ActiveCfg = Release|Any CPU
		{4C5DA4A7-01BA-46C8-B3F7-42ADFD4C9262}.Release|x64.Build.0 = Release|Any CPU
		{4C5DA4A7-01BA-46C8-B3F7-42ADFD4C9262}.Release|x86.ActiveCfg = Release|Any CPU
		{4C5DA4A7-01BA-46C8-B3F7-42ADFD4C9262}.Release|x86.Build.0 = Release|Any CPU
		{B73C969C-EF1C-461E-AF61-EBA5C4F010A0}.Debug|Any CPU.ActiveCfg = Debug|Any CPU
		{B73C969C-EF1C-461E-AF61-EBA5C4F010A0}.Debug|Any CPU.Build.0 = Debug|Any CPU
		{B73C969C-EF1C-461E-AF61-EBA5C4F010A0}.Debug|x64.ActiveCfg = Debug|Any CPU
		{B73C969C-EF1C-461E-AF61-EBA5C4F010A0}.Debug|x64.Build.0 = Debug|Any CPU
		{B73C969C-EF1C-461E-AF61-EBA5C4F010A0}.Debug|x86.ActiveCfg = Debug|Any CPU
		{B73C969C-EF1C-461E-AF61-EBA5C4F010A0}.Debug|x86.Build.0 = Debug|Any CPU
		{B73C969C-EF1C-461E-AF61-EBA5C4F010A0}.Release|Any CPU.ActiveCfg = Release|Any CPU
		{B73C969C-EF1C-461E-AF61-EBA5C4F010A0}.Release|Any CPU.Build.0 = Release|Any CPU
		{B73C969C-EF1C-461E-AF61-EBA5C4F010A0}.Release|x64.ActiveCfg = Release|Any CPU
		{B73C969C-EF1C-461E-AF61-EBA5C4F010A0}.Release|x64.Build.0 = Release|Any CPU
		{B73C969C-EF1C-461E-AF61-EBA5C4F010A0}.Release|x86.ActiveCfg = Release|Any CPU
		{B73C969C-EF1C-461E-AF61-EBA5C4F010A0}.Release|x86.Build.0 = Release|Any CPU
		{88835A00-1EAC-4D46-95E6-1CF5A0CF5C60}.Debug|Any CPU.ActiveCfg = Debug|Any CPU
		{88835A00-1EAC-4D46-95E6-1CF5A0CF5C60}.Debug|Any CPU.Build.0 = Debug|Any CPU
		{88835A00-1EAC-4D46-95E6-1CF5A0CF5C60}.Debug|x64.ActiveCfg = Debug|Any CPU
		{88835A00-1EAC-4D46-95E6-1CF5A0CF5C60}.Debug|x64.Build.0 = Debug|Any CPU
		{88835A00-1EAC-4D46-95E6-1CF5A0CF5C60}.Debug|x86.ActiveCfg = Debug|Any CPU
		{88835A00-1EAC-4D46-95E6-1CF5A0CF5C60}.Debug|x86.Build.0 = Debug|Any CPU
		{88835A00-1EAC-4D46-95E6-1CF5A0CF5C60}.Release|Any CPU.ActiveCfg = Release|Any CPU
		{88835A00-1EAC-4D46-95E6-1CF5A0CF5C60}.Release|Any CPU.Build.0 = Release|Any CPU
		{88835A00-1EAC-4D46-95E6-1CF5A0CF5C60}.Release|x64.ActiveCfg = Release|Any CPU
		{88835A00-1EAC-4D46-95E6-1CF5A0CF5C60}.Release|x64.Build.0 = Release|Any CPU
		{88835A00-1EAC-4D46-95E6-1CF5A0CF5C60}.Release|x86.ActiveCfg = Release|Any CPU
		{88835A00-1EAC-4D46-95E6-1CF5A0CF5C60}.Release|x86.Build.0 = Release|Any CPU
		{AC9EF5C2-FF85-440F-9390-054A424657E8}.Debug|Any CPU.ActiveCfg = Debug|Any CPU
		{AC9EF5C2-FF85-440F-9390-054A424657E8}.Debug|Any CPU.Build.0 = Debug|Any CPU
		{AC9EF5C2-FF85-440F-9390-054A424657E8}.Debug|x64.ActiveCfg = Debug|Any CPU
		{AC9EF5C2-FF85-440F-9390-054A424657E8}.Debug|x64.Build.0 = Debug|Any CPU
		{AC9EF5C2-FF85-440F-9390-054A424657E8}.Debug|x86.ActiveCfg = Debug|Any CPU
		{AC9EF5C2-FF85-440F-9390-054A424657E8}.Debug|x86.Build.0 = Debug|Any CPU
		{AC9EF5C2-FF85-440F-9390-054A424657E8}.Release|Any CPU.ActiveCfg = Release|Any CPU
		{AC9EF5C2-FF85-440F-9390-054A424657E8}.Release|Any CPU.Build.0 = Release|Any CPU
		{AC9EF5C2-FF85-440F-9390-054A424657E8}.Release|x64.ActiveCfg = Release|Any CPU
		{AC9EF5C2-FF85-440F-9390-054A424657E8}.Release|x64.Build.0 = Release|Any CPU
		{AC9EF5C2-FF85-440F-9390-054A424657E8}.Release|x86.ActiveCfg = Release|Any CPU
		{AC9EF5C2-FF85-440F-9390-054A424657E8}.Release|x86.Build.0 = Release|Any CPU
		{8A9D37B9-B5E6-4DC0-8913-75F0B22877EB}.Debug|Any CPU.ActiveCfg = Debug|Any CPU
		{8A9D37B9-B5E6-4DC0-8913-75F0B22877EB}.Debug|Any CPU.Build.0 = Debug|Any CPU
		{8A9D37B9-B5E6-4DC0-8913-75F0B22877EB}.Debug|x64.ActiveCfg = Debug|Any CPU
		{8A9D37B9-B5E6-4DC0-8913-75F0B22877EB}.Debug|x64.Build.0 = Debug|Any CPU
		{8A9D37B9-B5E6-4DC0-8913-75F0B22877EB}.Debug|x86.ActiveCfg = Debug|Any CPU
		{8A9D37B9-B5E6-4DC0-8913-75F0B22877EB}.Debug|x86.Build.0 = Debug|Any CPU
		{8A9D37B9-B5E6-4DC0-8913-75F0B22877EB}.Release|Any CPU.ActiveCfg = Release|Any CPU
		{8A9D37B9-B5E6-4DC0-8913-75F0B22877EB}.Release|Any CPU.Build.0 = Release|Any CPU
		{8A9D37B9-B5E6-4DC0-8913-75F0B22877EB}.Release|x64.ActiveCfg = Release|Any CPU
		{8A9D37B9-B5E6-4DC0-8913-75F0B22877EB}.Release|x64.Build.0 = Release|Any CPU
		{8A9D37B9-B5E6-4DC0-8913-75F0B22877EB}.Release|x86.ActiveCfg = Release|Any CPU
		{8A9D37B9-B5E6-4DC0-8913-75F0B22877EB}.Release|x86.Build.0 = Release|Any CPU
		{D9505806-6D6C-49C4-8C2C-E62A012C58AC}.Debug|Any CPU.ActiveCfg = Debug|Any CPU
		{D9505806-6D6C-49C4-8C2C-E62A012C58AC}.Debug|Any CPU.Build.0 = Debug|Any CPU
		{D9505806-6D6C-49C4-8C2C-E62A012C58AC}.Debug|x64.ActiveCfg = Debug|Any CPU
		{D9505806-6D6C-49C4-8C2C-E62A012C58AC}.Debug|x64.Build.0 = Debug|Any CPU
		{D9505806-6D6C-49C4-8C2C-E62A012C58AC}.Debug|x86.ActiveCfg = Debug|Any CPU
		{D9505806-6D6C-49C4-8C2C-E62A012C58AC}.Debug|x86.Build.0 = Debug|Any CPU
		{D9505806-6D6C-49C4-8C2C-E62A012C58AC}.Release|Any CPU.ActiveCfg = Release|Any CPU
		{D9505806-6D6C-49C4-8C2C-E62A012C58AC}.Release|Any CPU.Build.0 = Release|Any CPU
		{D9505806-6D6C-49C4-8C2C-E62A012C58AC}.Release|x64.ActiveCfg = Release|Any CPU
		{D9505806-6D6C-49C4-8C2C-E62A012C58AC}.Release|x64.Build.0 = Release|Any CPU
		{D9505806-6D6C-49C4-8C2C-E62A012C58AC}.Release|x86.ActiveCfg = Release|Any CPU
		{D9505806-6D6C-49C4-8C2C-E62A012C58AC}.Release|x86.Build.0 = Release|Any CPU
		{C8812A7E-2C3B-430D-AD59-9C69BCE762F9}.Debug|Any CPU.ActiveCfg = Debug|Any CPU
		{C8812A7E-2C3B-430D-AD59-9C69BCE762F9}.Debug|Any CPU.Build.0 = Debug|Any CPU
		{C8812A7E-2C3B-430D-AD59-9C69BCE762F9}.Debug|x64.ActiveCfg = Debug|Any CPU
		{C8812A7E-2C3B-430D-AD59-9C69BCE762F9}.Debug|x64.Build.0 = Debug|Any CPU
		{C8812A7E-2C3B-430D-AD59-9C69BCE762F9}.Debug|x86.ActiveCfg = Debug|Any CPU
		{C8812A7E-2C3B-430D-AD59-9C69BCE762F9}.Debug|x86.Build.0 = Debug|Any CPU
		{C8812A7E-2C3B-430D-AD59-9C69BCE762F9}.Release|Any CPU.ActiveCfg = Release|Any CPU
		{C8812A7E-2C3B-430D-AD59-9C69BCE762F9}.Release|Any CPU.Build.0 = Release|Any CPU
		{C8812A7E-2C3B-430D-AD59-9C69BCE762F9}.Release|x64.ActiveCfg = Release|Any CPU
		{C8812A7E-2C3B-430D-AD59-9C69BCE762F9}.Release|x64.Build.0 = Release|Any CPU
		{C8812A7E-2C3B-430D-AD59-9C69BCE762F9}.Release|x86.ActiveCfg = Release|Any CPU
		{C8812A7E-2C3B-430D-AD59-9C69BCE762F9}.Release|x86.Build.0 = Release|Any CPU
		{825903E2-FE08-40B0-AD39-94AF4FEF3D6A}.Debug|Any CPU.ActiveCfg = Debug|Any CPU
		{825903E2-FE08-40B0-AD39-94AF4FEF3D6A}.Debug|Any CPU.Build.0 = Debug|Any CPU
		{825903E2-FE08-40B0-AD39-94AF4FEF3D6A}.Debug|x64.ActiveCfg = Debug|Any CPU
		{825903E2-FE08-40B0-AD39-94AF4FEF3D6A}.Debug|x64.Build.0 = Debug|Any CPU
		{825903E2-FE08-40B0-AD39-94AF4FEF3D6A}.Debug|x86.ActiveCfg = Debug|Any CPU
		{825903E2-FE08-40B0-AD39-94AF4FEF3D6A}.Debug|x86.Build.0 = Debug|Any CPU
		{825903E2-FE08-40B0-AD39-94AF4FEF3D6A}.Release|Any CPU.ActiveCfg = Release|Any CPU
		{825903E2-FE08-40B0-AD39-94AF4FEF3D6A}.Release|Any CPU.Build.0 = Release|Any CPU
		{825903E2-FE08-40B0-AD39-94AF4FEF3D6A}.Release|x64.ActiveCfg = Release|Any CPU
		{825903E2-FE08-40B0-AD39-94AF4FEF3D6A}.Release|x64.Build.0 = Release|Any CPU
		{825903E2-FE08-40B0-AD39-94AF4FEF3D6A}.Release|x86.ActiveCfg = Release|Any CPU
		{825903E2-FE08-40B0-AD39-94AF4FEF3D6A}.Release|x86.Build.0 = Release|Any CPU
		{970D5F9E-69EF-4553-9810-132A471E457E}.Debug|Any CPU.ActiveCfg = Debug|Any CPU
		{970D5F9E-69EF-4553-9810-132A471E457E}.Debug|Any CPU.Build.0 = Debug|Any CPU
		{970D5F9E-69EF-4553-9810-132A471E457E}.Debug|x64.ActiveCfg = Debug|Any CPU
		{970D5F9E-69EF-4553-9810-132A471E457E}.Debug|x64.Build.0 = Debug|Any CPU
		{970D5F9E-69EF-4553-9810-132A471E457E}.Debug|x86.ActiveCfg = Debug|Any CPU
		{970D5F9E-69EF-4553-9810-132A471E457E}.Debug|x86.Build.0 = Debug|Any CPU
		{970D5F9E-69EF-4553-9810-132A471E457E}.Release|Any CPU.ActiveCfg = Release|Any CPU
		{970D5F9E-69EF-4553-9810-132A471E457E}.Release|Any CPU.Build.0 = Release|Any CPU
		{970D5F9E-69EF-4553-9810-132A471E457E}.Release|x64.ActiveCfg = Release|Any CPU
		{970D5F9E-69EF-4553-9810-132A471E457E}.Release|x64.Build.0 = Release|Any CPU
		{970D5F9E-69EF-4553-9810-132A471E457E}.Release|x86.ActiveCfg = Release|Any CPU
		{970D5F9E-69EF-4553-9810-132A471E457E}.Release|x86.Build.0 = Release|Any CPU
		{CCF8889C-C7FA-48C1-8F75-FC9E64B3E4D7}.Debug|Any CPU.ActiveCfg = Debug|Any CPU
		{CCF8889C-C7FA-48C1-8F75-FC9E64B3E4D7}.Debug|Any CPU.Build.0 = Debug|Any CPU
		{CCF8889C-C7FA-48C1-8F75-FC9E64B3E4D7}.Debug|x64.ActiveCfg = Debug|Any CPU
		{CCF8889C-C7FA-48C1-8F75-FC9E64B3E4D7}.Debug|x64.Build.0 = Debug|Any CPU
		{CCF8889C-C7FA-48C1-8F75-FC9E64B3E4D7}.Debug|x86.ActiveCfg = Debug|Any CPU
		{CCF8889C-C7FA-48C1-8F75-FC9E64B3E4D7}.Debug|x86.Build.0 = Debug|Any CPU
		{CCF8889C-C7FA-48C1-8F75-FC9E64B3E4D7}.Release|Any CPU.ActiveCfg = Release|Any CPU
		{CCF8889C-C7FA-48C1-8F75-FC9E64B3E4D7}.Release|Any CPU.Build.0 = Release|Any CPU
		{CCF8889C-C7FA-48C1-8F75-FC9E64B3E4D7}.Release|x64.ActiveCfg = Release|Any CPU
		{CCF8889C-C7FA-48C1-8F75-FC9E64B3E4D7}.Release|x64.Build.0 = Release|Any CPU
		{CCF8889C-C7FA-48C1-8F75-FC9E64B3E4D7}.Release|x86.ActiveCfg = Release|Any CPU
		{CCF8889C-C7FA-48C1-8F75-FC9E64B3E4D7}.Release|x86.Build.0 = Release|Any CPU
		{1BABE0DE-55DB-47BC-A8D9-D120B2B8E4D7}.Debug|Any CPU.ActiveCfg = Debug|Any CPU
		{1BABE0DE-55DB-47BC-A8D9-D120B2B8E4D7}.Debug|Any CPU.Build.0 = Debug|Any CPU
		{1BABE0DE-55DB-47BC-A8D9-D120B2B8E4D7}.Debug|x64.ActiveCfg = Debug|Any CPU
		{1BABE0DE-55DB-47BC-A8D9-D120B2B8E4D7}.Debug|x64.Build.0 = Debug|Any CPU
		{1BABE0DE-55DB-47BC-A8D9-D120B2B8E4D7}.Debug|x86.ActiveCfg = Debug|Any CPU
		{1BABE0DE-55DB-47BC-A8D9-D120B2B8E4D7}.Debug|x86.Build.0 = Debug|Any CPU
		{1BABE0DE-55DB-47BC-A8D9-D120B2B8E4D7}.Release|Any CPU.ActiveCfg = Release|Any CPU
		{1BABE0DE-55DB-47BC-A8D9-D120B2B8E4D7}.Release|Any CPU.Build.0 = Release|Any CPU
		{1BABE0DE-55DB-47BC-A8D9-D120B2B8E4D7}.Release|x64.ActiveCfg = Release|Any CPU
		{1BABE0DE-55DB-47BC-A8D9-D120B2B8E4D7}.Release|x64.Build.0 = Release|Any CPU
		{1BABE0DE-55DB-47BC-A8D9-D120B2B8E4D7}.Release|x86.ActiveCfg = Release|Any CPU
		{1BABE0DE-55DB-47BC-A8D9-D120B2B8E4D7}.Release|x86.Build.0 = Release|Any CPU
		{A6798BB0-2927-4A61-B7DA-EDB2F9DF1FC2}.Debug|Any CPU.ActiveCfg = Debug|Any CPU
		{A6798BB0-2927-4A61-B7DA-EDB2F9DF1FC2}.Debug|Any CPU.Build.0 = Debug|Any CPU
		{A6798BB0-2927-4A61-B7DA-EDB2F9DF1FC2}.Debug|x64.ActiveCfg = Debug|Any CPU
		{A6798BB0-2927-4A61-B7DA-EDB2F9DF1FC2}.Debug|x64.Build.0 = Debug|Any CPU
		{A6798BB0-2927-4A61-B7DA-EDB2F9DF1FC2}.Debug|x86.ActiveCfg = Debug|Any CPU
		{A6798BB0-2927-4A61-B7DA-EDB2F9DF1FC2}.Debug|x86.Build.0 = Debug|Any CPU
		{A6798BB0-2927-4A61-B7DA-EDB2F9DF1FC2}.Release|Any CPU.ActiveCfg = Release|Any CPU
		{A6798BB0-2927-4A61-B7DA-EDB2F9DF1FC2}.Release|Any CPU.Build.0 = Release|Any CPU
		{A6798BB0-2927-4A61-B7DA-EDB2F9DF1FC2}.Release|x64.ActiveCfg = Release|Any CPU
		{A6798BB0-2927-4A61-B7DA-EDB2F9DF1FC2}.Release|x64.Build.0 = Release|Any CPU
		{A6798BB0-2927-4A61-B7DA-EDB2F9DF1FC2}.Release|x86.ActiveCfg = Release|Any CPU
		{A6798BB0-2927-4A61-B7DA-EDB2F9DF1FC2}.Release|x86.Build.0 = Release|Any CPU
		{424779CE-EF26-4417-B759-2F5758F35A20}.Debug|Any CPU.ActiveCfg = Debug|Any CPU
		{424779CE-EF26-4417-B759-2F5758F35A20}.Debug|Any CPU.Build.0 = Debug|Any CPU
		{424779CE-EF26-4417-B759-2F5758F35A20}.Debug|x64.ActiveCfg = Debug|Any CPU
		{424779CE-EF26-4417-B759-2F5758F35A20}.Debug|x64.Build.0 = Debug|Any CPU
		{424779CE-EF26-4417-B759-2F5758F35A20}.Debug|x86.ActiveCfg = Debug|Any CPU
		{424779CE-EF26-4417-B759-2F5758F35A20}.Debug|x86.Build.0 = Debug|Any CPU
		{424779CE-EF26-4417-B759-2F5758F35A20}.Release|Any CPU.ActiveCfg = Release|Any CPU
		{424779CE-EF26-4417-B759-2F5758F35A20}.Release|Any CPU.Build.0 = Release|Any CPU
		{424779CE-EF26-4417-B759-2F5758F35A20}.Release|x64.ActiveCfg = Release|Any CPU
		{424779CE-EF26-4417-B759-2F5758F35A20}.Release|x64.Build.0 = Release|Any CPU
		{424779CE-EF26-4417-B759-2F5758F35A20}.Release|x86.ActiveCfg = Release|Any CPU
		{424779CE-EF26-4417-B759-2F5758F35A20}.Release|x86.Build.0 = Release|Any CPU
	EndGlobalSection
	GlobalSection(SolutionProperties) = preSolution
		HideSolutionNode = FALSE
	EndGlobalSection
	GlobalSection(ExtensibilityGlobals) = postSolution
		SolutionGuid = {C23FC16D-405D-4D50-A25C-68F3964C2DC2}
	EndGlobalSection
EndGlobal
