
Microsoft Visual Studio Solution File, Format Version 12.00
# Visual Studio Version 16
VisualStudioVersion = 16.0.29609.76
MinimumVisualStudioVersion = 10.0.40219.1
Project("{9A19103F-16F7-4668-BE54-9A1E7A4F7556}") = "more-effective-csharp-2nd-edition", "more-effective-csharp-2nd-edition\more-effective-csharp-2nd-edition.csproj", "{4C5DA4A7-01BA-46C8-B3F7-42ADFD4C9262}"
EndProject
Project("{FAE04EC0-301F-11D3-BF4B-00C04F79EFBC}") = "item01", "item01\item01.csproj", "{B73C969C-EF1C-461E-AF61-EBA5C4F010A0}"
EndProject
Global
	GlobalSection(SolutionConfigurationPlatforms) = preSolution
		Debug|Any CPU = Debug|Any CPU
		Release|Any CPU = Release|Any CPU
	EndGlobalSection
	GlobalSection(ProjectConfigurationPlatforms) = postSolution
		{4C5DA4A7-01BA-46C8-B3F7-42ADFD4C9262}.Debug|Any CPU.ActiveCfg = Debug|Any CPU
		{4C5DA4A7-01BA-46C8-B3F7-42ADFD4C9262}.Debug|Any CPU.Build.0 = Debug|Any CPU
		{4C5DA4A7-01BA-46C8-B3F7-42ADFD4C9262}.Release|Any CPU.ActiveCfg = Release|Any CPU
		{4C5DA4A7-01BA-46C8-B3F7-42ADFD4C9262}.Release|Any CPU.Build.0 = Release|Any CPU
		{B73C969C-EF1C-461E-AF61-EBA5C4F010A0}.Debug|Any CPU.ActiveCfg = Debug|Any CPU
		{B73C969C-EF1C-461E-AF61-EBA5C4F010A0}.Debug|Any CPU.Build.0 = Debug|Any CPU
		{B73C969C-EF1C-461E-AF61-EBA5C4F010A0}.Release|Any CPU.ActiveCfg = Release|Any CPU
		{B73C969C-EF1C-461E-AF61-EBA5C4F010A0}.Release|Any CPU.Build.0 = Release|Any CPU
	EndGlobalSection
	GlobalSection(SolutionProperties) = preSolution
		HideSolutionNode = FALSE
	EndGlobalSection
	GlobalSection(ExtensibilityGlobals) = postSolution
		SolutionGuid = {C23FC16D-405D-4D50-A25C-68F3964C2DC2}
	EndGlobalSection
EndGlobal
